{
    "_readme": [
        "This file locks the dependencies of your project to a known state",
        "Read more about it at https://getcomposer.org/doc/01-basic-usage.md#installing-dependencies",
        "This file is @generated automatically"
    ],
    "content-hash": "02bfd526cb5f0b2450d74d9013fad616",
    "packages": [
        {
            "name": "components/jquery",
            "version": "v3.7.1",
            "source": {
                "type": "git",
                "url": "https://github.com/components/jquery.git",
                "reference": "8edc7785239bb8c2ad2b83302b856a1d61de60e7"
            },
            "dist": {
                "type": "zip",
                "url": "https://api.github.com/repos/components/jquery/zipball/8edc7785239bb8c2ad2b83302b856a1d61de60e7",
                "reference": "8edc7785239bb8c2ad2b83302b856a1d61de60e7",
                "shasum": ""
            },
            "type": "component",
            "extra": {
                "component": {
                    "scripts": [
                        "jquery.js"
                    ],
                    "files": [
                        "jquery.min.js",
                        "jquery.min.map",
                        "jquery.slim.js",
                        "jquery.slim.min.js",
                        "jquery.slim.min.map"
                    ]
                }
            },
            "notification-url": "https://packagist.org/downloads/",
            "license": [
                "MIT"
            ],
            "authors": [
                {
                    "name": "JS Foundation and other contributors"
                }
            ],
            "description": "jQuery JavaScript Library",
            "homepage": "http://jquery.com",
            "support": {
                "forum": "http://forum.jquery.com",
                "irc": "irc://irc.freenode.org/jquery",
                "issues": "https://github.com/jquery/jquery/issues",
                "source": "https://github.com/jquery/jquery",
                "wiki": "http://docs.jquery.com/"
            },
            "time": "2023-09-22T01:43:46+00:00"
        },
        {
            "name": "datatables.net/datatables.net",
            "version": "2.0.8",
            "source": {
                "type": "git",
                "url": "https://github.com/DataTables/Dist-DataTables.git",
                "reference": "fd6230ad1839034e468982e4551a322114103128"
            },
            "dist": {
                "type": "zip",
                "url": "https://api.github.com/repos/DataTables/Dist-DataTables/zipball/fd6230ad1839034e468982e4551a322114103128",
                "reference": "fd6230ad1839034e468982e4551a322114103128",
                "shasum": ""
            },
            "require": {
                "components/jquery": ">=1.7"
            },
            "type": "library",
            "notification-url": "https://packagist.org/downloads/",
            "license": [
                "MIT"
            ],
            "authors": [
                {
                    "name": "SpryMedia",
                    "homepage": "https://datatables.net"
                }
            ],
            "description": "DataTables is a plug-in for the jQuery Javascript library. It is a highly flexible tool, based upon the foundations of progressive enhancement, which will add advanced interaction controls to any HTML table. This is jQuery DataTables",
            "homepage": "http://www.datatables.net/",
            "keywords": [
                "datatables",
                "jquery",
                "table"
            ],
            "support": {
                "forum": "https://datatables.net/forums",
                "source": "https://github.com/DataTables/Dist-DataTables"
            },
            "time": "2024-05-28T15:35:23+00:00"
        },
        {
            "name": "datatables.net/datatables.net-bs5",
            "version": "2.0.8",
            "source": {
                "type": "git",
                "url": "https://github.com/DataTables/Dist-DataTables-Bootstrap5.git",
                "reference": "b6cce12376f469268edf717e8a82e440a610db31"
            },
            "dist": {
                "type": "zip",
                "url": "https://api.github.com/repos/DataTables/Dist-DataTables-Bootstrap5/zipball/b6cce12376f469268edf717e8a82e440a610db31",
                "reference": "b6cce12376f469268edf717e8a82e440a610db31",
                "shasum": ""
            },
            "require": {
                "datatables.net/datatables.net": ">=1.12.1",
                "twbs/bootstrap": "5.*"
            },
            "type": "library",
            "notification-url": "https://packagist.org/downloads/",
            "license": [
                "MIT"
            ],
            "authors": [
                {
                    "name": "SpryMedia",
                    "homepage": "https://datatables.net"
                }
            ],
            "description": "DataTables is a plug-in for the jQuery Javascript library. It is a highly flexible tool, based upon the foundations of progressive enhancement, which will add advanced interaction controls to any HTML table. This is DataTables with styling for [Bootstrap5](https://getbootstrap.com/)",
            "homepage": "http://www.datatables.net/",
            "keywords": [
                "bootstrap",
                "bootstrap5",
                "datatables",
                "jquery",
                "table"
            ],
            "support": {
                "forum": "https://datatables.net/forums",
                "issues": "https://github.com/DataTables/Dist-DataTables-Bootstrap5/issues",
                "source": "https://github.com/DataTables/Dist-DataTables-Bootstrap5"
            },
            "time": "2024-05-28T15:36:34+00:00"
        },
        {
            "name": "datatables.net/datatables.net-buttons",
            "version": "3.0.2",
            "source": {
                "type": "git",
                "url": "https://github.com/DataTables/Dist-DataTables-Buttons.git",
                "reference": "d2ba899f25470d4ab0d12a99162cdf02611c7bb3"
            },
            "dist": {
                "type": "zip",
                "url": "https://api.github.com/repos/DataTables/Dist-DataTables-Buttons/zipball/d2ba899f25470d4ab0d12a99162cdf02611c7bb3",
                "reference": "d2ba899f25470d4ab0d12a99162cdf02611c7bb3",
                "shasum": ""
            },
            "require": {
                "datatables.net/datatables.net": ">=1.12.1"
            },
            "type": "library",
            "notification-url": "https://packagist.org/downloads/",
            "license": [
                "MIT"
            ],
            "authors": [
                {
                    "name": "SpryMedia",
                    "homepage": "https://datatables.net"
                }
            ],
            "description": "The Buttons extension for DataTables provides a common set of options, API methods and styling to display buttons on a page that will interact with a DataTable. It also provides plug-ins for file export (HTML5 and Flash), print view and column visibility. Other libraries, such as Editor and Select also provide buttons specific to their use cases. This is Buttons for DataTables",
            "homepage": "http://www.datatables.net/",
            "keywords": [
                "Column Visibility",
                "buttons",
                "csv",
                "datatables",
                "excel",
                "jquery",
                "pdf",
                "print",
                "table"
            ],
            "support": {
                "forum": "https://datatables.net/forums",
                "source": "https://github.com/DataTables/Dist-DataTables-Buttons"
            },
            "time": "2024-04-16T12:05:36+00:00"
        },
        {
            "name": "datatables.net/datatables.net-buttons-bs5",
            "version": "3.0.2",
            "source": {
                "type": "git",
                "url": "https://github.com/DataTables/Dist-DataTables-Buttons-Bootstrap5.git",
                "reference": "19d2ff2399af078465989f52ffc969d9ed765f1f"
            },
            "dist": {
                "type": "zip",
                "url": "https://api.github.com/repos/DataTables/Dist-DataTables-Buttons-Bootstrap5/zipball/19d2ff2399af078465989f52ffc969d9ed765f1f",
                "reference": "19d2ff2399af078465989f52ffc969d9ed765f1f",
                "shasum": ""
            },
            "require": {
                "datatables.net/datatables.net-bs5": ">=1.12.1",
                "datatables.net/datatables.net-buttons": ">=2.2.3"
            },
            "type": "library",
            "notification-url": "https://packagist.org/downloads/",
            "license": [
                "MIT"
            ],
            "authors": [
                {
                    "name": "SpryMedia",
                    "homepage": "https://datatables.net"
                }
            ],
            "description": "The Buttons extension for DataTables provides a common set of options, API methods and styling to display buttons on a page that will interact with a DataTable. It also provides plug-ins for file export (HTML5 and Flash), print view and column visibility. Other libraries, such as Editor and Select also provide buttons specific to their use cases. This is Buttons for DataTables with styling for [Bootstrap5](https://getbootstrap.com/)",
            "homepage": "http://www.datatables.net/",
            "keywords": [
                "Column Visibility",
                "bootstrap",
                "bootstrap5",
                "buttons",
                "csv",
                "datatables",
                "excel",
                "jquery",
                "pdf",
                "print",
                "table"
            ],
            "support": {
                "forum": "https://datatables.net/forums",
                "issues": "https://github.com/DataTables/Dist-DataTables-Buttons-Bootstrap5/issues",
                "source": "https://github.com/DataTables/Dist-DataTables-Buttons-Bootstrap5"
            },
            "time": "2024-04-16T12:07:18+00:00"
        },
        {
            "name": "fortawesome/font-awesome",
            "version": "6.5.2",
            "source": {
                "type": "git",
                "url": "https://github.com/FortAwesome/Font-Awesome.git",
                "reference": "c0f460dca7f7688761120415ff3c9cf7f73119be"
            },
            "dist": {
                "type": "zip",
                "url": "https://api.github.com/repos/FortAwesome/Font-Awesome/zipball/c0f460dca7f7688761120415ff3c9cf7f73119be",
                "reference": "c0f460dca7f7688761120415ff3c9cf7f73119be",
                "shasum": ""
            },
            "type": "library",
            "notification-url": "https://packagist.org/downloads/",
            "license": [
                "CC-BY-4.0",
                "OFL-1.1",
                "MIT"
            ],
            "authors": [
                {
                    "name": "The Font Awesome Team",
                    "homepage": "https://github.com/orgs/FortAwesome/people"
                }
            ],
            "description": "The iconic font, CSS, and SVG framework",
            "homepage": "https://fontawesome.com",
            "keywords": [
                "FontAwesome",
                "awesome",
                "bootstrap",
                "font",
                "icon",
                "svg"
            ],
            "support": {
                "docs": "http://fontawesome.com/docs",
                "email": "hello@fontawesome.com",
                "issues": "https://github.com/FortAwesome/Font-Awesome/issues",
                "source": "https://github.com/FortAwesome/Font-Awesome"
            },
            "time": "2024-04-02T18:54:47+00:00"
        },
        {
            "name": "ltb-project/ldap",
            "version": "v0.1.0",
            "source": {
                "type": "git",
                "url": "https://github.com/ltb-project/ltb-ldap.git",
                "reference": "5acd3c86998acbc302937196e8495e81cdcfb4a1"
            },
            "dist": {
                "type": "zip",
                "url": "https://api.github.com/repos/ltb-project/ltb-ldap/zipball/5acd3c86998acbc302937196e8495e81cdcfb4a1",
                "reference": "5acd3c86998acbc302937196e8495e81cdcfb4a1",
                "shasum": ""
            },
            "require": {
                "ext-ldap": ">=7.4",
                "php": ">=7.4",
                "phpmailer/phpmailer": "^6.5.0"
            },
            "type": "library",
            "autoload": {
                "psr-4": {
                    "Ltb\\": "src/Ltb"
                }
            },
            "notification-url": "https://packagist.org/downloads/",
            "license": [
                "GPL-3.0-or-later"
            ],
            "description": "PHP framework for LTB project applications",
            "support": {
                "issues": "https://github.com/ltb-project/ltb-ldap/issues",
                "source": "https://github.com/ltb-project/ltb-ldap/tree/v0.1.0"
            },
            "time": "2023-04-24T13:24:07+00:00"
        },
        {
            "name": "phpmailer/phpmailer",
            "version": "v6.9.1",
            "source": {
                "type": "git",
                "url": "https://github.com/PHPMailer/PHPMailer.git",
                "reference": "039de174cd9c17a8389754d3b877a2ed22743e18"
            },
            "dist": {
                "type": "zip",
                "url": "https://api.github.com/repos/PHPMailer/PHPMailer/zipball/039de174cd9c17a8389754d3b877a2ed22743e18",
                "reference": "039de174cd9c17a8389754d3b877a2ed22743e18",
                "shasum": ""
            },
            "require": {
                "ext-ctype": "*",
                "ext-filter": "*",
                "ext-hash": "*",
                "php": ">=5.5.0"
            },
            "require-dev": {
                "dealerdirect/phpcodesniffer-composer-installer": "^1.0",
                "doctrine/annotations": "^1.2.6 || ^1.13.3",
                "php-parallel-lint/php-console-highlighter": "^1.0.0",
                "php-parallel-lint/php-parallel-lint": "^1.3.2",
                "phpcompatibility/php-compatibility": "^9.3.5",
                "roave/security-advisories": "dev-latest",
                "squizlabs/php_codesniffer": "^3.7.2",
                "yoast/phpunit-polyfills": "^1.0.4"
            },
            "suggest": {
                "decomplexity/SendOauth2": "Adapter for using XOAUTH2 authentication",
                "ext-mbstring": "Needed to send email in multibyte encoding charset or decode encoded addresses",
                "ext-openssl": "Needed for secure SMTP sending and DKIM signing",
                "greew/oauth2-azure-provider": "Needed for Microsoft Azure XOAUTH2 authentication",
                "hayageek/oauth2-yahoo": "Needed for Yahoo XOAUTH2 authentication",
                "league/oauth2-google": "Needed for Google XOAUTH2 authentication",
                "psr/log": "For optional PSR-3 debug logging",
                "symfony/polyfill-mbstring": "To support UTF-8 if the Mbstring PHP extension is not enabled (^1.2)",
                "thenetworg/oauth2-azure": "Needed for Microsoft XOAUTH2 authentication"
            },
            "type": "library",
            "autoload": {
                "psr-4": {
                    "PHPMailer\\PHPMailer\\": "src/"
                }
            },
            "notification-url": "https://packagist.org/downloads/",
            "license": [
                "LGPL-2.1-only"
            ],
            "authors": [
                {
                    "name": "Marcus Bointon",
                    "email": "phpmailer@synchromedia.co.uk"
                },
                {
                    "name": "Jim Jagielski",
                    "email": "jimjag@gmail.com"
                },
                {
                    "name": "Andy Prevost",
                    "email": "codeworxtech@users.sourceforge.net"
                },
                {
                    "name": "Brent R. Matzelle"
                }
            ],
            "description": "PHPMailer is a full-featured email creation and transfer class for PHP",
            "support": {
                "issues": "https://github.com/PHPMailer/PHPMailer/issues",
                "source": "https://github.com/PHPMailer/PHPMailer/tree/v6.9.1"
            },
            "funding": [
                {
                    "url": "https://github.com/Synchro",
                    "type": "github"
                }
            ],
            "time": "2023-11-25T22:23:28+00:00"
        },
        {
            "name": "twbs/bootstrap",
            "version": "v5.3.2",
            "source": {
                "type": "git",
                "url": "https://github.com/twbs/bootstrap.git",
                "reference": "344e912d04b5b6a04482113eff20ab416ff01048"
            },
            "dist": {
                "type": "zip",
                "url": "https://api.github.com/repos/twbs/bootstrap/zipball/344e912d04b5b6a04482113eff20ab416ff01048",
                "reference": "344e912d04b5b6a04482113eff20ab416ff01048",
                "shasum": ""
            },
            "replace": {
                "twitter/bootstrap": "self.version"
            },
            "type": "library",
            "notification-url": "https://packagist.org/downloads/",
            "license": [
                "MIT"
            ],
            "authors": [
                {
                    "name": "Mark Otto",
                    "email": "markdotto@gmail.com"
                },
                {
                    "name": "Jacob Thornton",
                    "email": "jacobthornton@gmail.com"
                }
            ],
            "description": "The most popular front-end framework for developing responsive, mobile first projects on the web.",
            "homepage": "https://getbootstrap.com/",
            "keywords": [
                "JS",
                "css",
                "framework",
                "front-end",
                "mobile-first",
                "responsive",
                "sass",
                "web"
            ],
            "support": {
                "issues": "https://github.com/twbs/bootstrap/issues",
                "source": "https://github.com/twbs/bootstrap/tree/v5.3.2"
            },
            "time": "2023-09-14T14:19:27+00:00"
        }
    ],
    "packages-dev": [],
    "aliases": [],
    "minimum-stability": "stable",
    "stability-flags": [],
    "prefer-stable": false,
    "prefer-lowest": false,
    "platform": [],
    "platform-dev": [],
    "plugin-api-version": "2.2.0"
}
